{"format_version":"0.1","terraform_version":"0.14.8","planned_values":{"root_module":{"resources":[{"address":"docker_container.nginx","mode":"managed","type":"docker_container","name":"nginx","provider_name":"registry.terraform.io/kreuzwerker/docker","schema_version":2,"values":{"attach":false,"capabilities":[],"cpu_set":null,"cpu_shares":null,"destroy_grace_seconds":null,"devices":[],"dns":null,"dns_opts":null,"dns_search":null,"domainname":null,"group_add":null,"host":[],"image":"nginx:latest","links":null,"log_driver":"json-file","log_opts":null,"logs":false,"max_retry_count":null,"memory":null,"memory_swap":null,"mounts":[],"must_run":true,"name":"nginx_app","network_alias":null,"network_mode":null,"networks":null,"networks_advanced":[],"pid_mode":null,"ports":[{"external":8080,"internal":80,"ip":"0.0.0.0","protocol":"tcp"}],"privileged":null,"publish_all_ports":null,"read_only":false,"remove_volumes":true,"restart":"always","rm":false,"start":true,"stdin_open":false,"sysctls":null,"tmpfs":null,"tty":false,"ulimit":[],"upload":[],"user":null,"userns_mode":null,"volumes":[],"working_dir":null}}]}},"resource_changes":[{"address":"docker_container.nginx","mode":"managed","type":"docker_container","name":"nginx","provider_name":"registry.terraform.io/kreuzwerker/docker","change":{"actions":["create"],"before":null,"after":{"attach":false,"capabilities":[],"cpu_set":null,"cpu_shares":null,"destroy_grace_seconds":null,"devices":[],"dns":null,"dns_opts":null,"dns_search":null,"domainname":null,"group_add":null,"host":[],"image":"nginx:latest","links":null,"log_driver":"json-file","log_opts":null,"logs":false,"max_retry_count":null,"memory":null,"memory_swap":null,"mounts":[],"must_run":true,"name":"nginx_app","network_alias":null,"network_mode":null,"networks":null,"networks_advanced":[],"pid_mode":null,"ports":[{"external":8080,"internal":80,"ip":"0.0.0.0","protocol":"tcp"}],"privileged":null,"publish_all_ports":null,"read_only":false,"remove_volumes":true,"restart":"always","rm":false,"start":true,"stdin_open":false,"sysctls":null,"tmpfs":null,"tty":false,"ulimit":[],"upload":[],"user":null,"userns_mode":null,"volumes":[],"working_dir":null},"after_unknown":{"bridge":true,"capabilities":[],"command":true,"container_logs":true,"devices":[],"entrypoint":true,"env":true,"exit_code":true,"gateway":true,"healthcheck":true,"host":[],"hostname":true,"id":true,"init":true,"ip_address":true,"ip_prefix_length":true,"ipc_mode":true,"labels":true,"mounts":[],"network_data":true,"networks_advanced":[],"ports":[{}],"security_opts":true,"shm_size":true,"ulimit":[],"upload":[],"volumes":[]}}}],"configuration":{"provider_config":{"docker":{"name":"docker","version_constraint":"2.11.0"}},"root_module":{"resources":[{"address":"docker_container.nginx","mode":"managed","type":"docker_container","name":"nginx","provider_config_key":"docker","expressions":{"image":{"constant_value":"nginx:latest"},"name":{"constant_value":"nginx_app"},"ports":[{"external":{"constant_value":8080},"internal":{"constant_value":80}}],"restart":{"constant_value":"always"}},"schema_version":2}]}}}
